// !$*UTF8*$!
{
	archiveVersion = 1;
	classes = {
	};
	objectVersion = 48;
	objects = {

/* Begin PBXBuildFile section */
		331CD53B0776BC5302A79B2A /* libPods-KeyNoteVCTransition.a in Frameworks */ = {isa = PBXBuildFile; fileRef = 010E30EA3BEC7780F38DC9D0 /* libPods-KeyNoteVCTransition.a */; };
		5827D3FA1F7A450A00F0A3F9 /* MagicMoveAnimator.m in Sources */ = {isa = PBXBuildFile; fileRef = 5827D3F91F7A450A00F0A3F9 /* MagicMoveAnimator.m */; };
		588DEBA21F7B94CD0094B0FF /* PercentDrivenTransition.m in Sources */ = {isa = PBXBuildFile; fileRef = 588DEBA01F7B94CD0094B0FF /* PercentDrivenTransition.m */; };
		58B8951D1F79FAED009E085A /* AppDelegate.m in Sources */ = {isa = PBXBuildFile; fileRef = 58B8951C1F79FAED009E085A /* AppDelegate.m */; };
		58B895251F79FAED009E085A /* Assets.xcassets in Resources */ = {isa = PBXBuildFile; fileRef = 58B895241F79FAED009E085A /* Assets.xcassets */; };
		58B895281F79FAED009E085A /* LaunchScreen.storyboard in Resources */ = {isa = PBXBuildFile; fileRef = 58B895261F79FAED009E085A /* LaunchScreen.storyboard */; };
		58B8952B1F79FAEE009E085A /* main.m in Sources */ = {isa = PBXBuildFile; fileRef = 58B8952A1F79FAEE009E085A /* main.m */; };
		58B895351F79FAEE009E085A /* KeyNoteVCTransitionTests.m in Sources */ = {isa = PBXBuildFile; fileRef = 58B895341F79FAEE009E085A /* KeyNoteVCTransitionTests.m */; };
		58B895401F79FAEE009E085A /* KeyNoteVCTransitionUITests.m in Sources */ = {isa = PBXBuildFile; fileRef = 58B8953F1F79FAEE009E085A /* KeyNoteVCTransitionUITests.m */; };
		58B8954F1F79FB35009E085A /* FistViewController.m in Sources */ = {isa = PBXBuildFile; fileRef = 58B8954E1F79FB35009E085A /* FistViewController.m */; };
		58B895521F79FB48009E085A /* DetailController.m in Sources */ = {isa = PBXBuildFile; fileRef = 58B895511F79FB48009E085A /* DetailController.m */; };
		58B895551F79FEB7009E085A /* FirstCollectionViewCell.m in Sources */ = {isa = PBXBuildFile; fileRef = 58B895541F79FEB7009E085A /* FirstCollectionViewCell.m */; };
/* End PBXBuildFile section */

/* Begin PBXContainerItemProxy section */
		58B895311F79FAEE009E085A /* PBXContainerItemProxy */ = {
			isa = PBXContainerItemProxy;
			containerPortal = 58B895101F79FAED009E085A /* Project object */;
			proxyType = 1;
			remoteGlobalIDString = 58B895171F79FAED009E085A;
			remoteInfo = KeyNoteVCTransition;
		};
		58B8953C1F79FAEE009E085A /* PBXContainerItemProxy */ = {
			isa = PBXContainerItemProxy;
			containerPortal = 58B895101F79FAED009E085A /* Project object */;
			proxyType = 1;
			remoteGlobalIDString = 58B895171F79FAED009E085A;
			remoteInfo = KeyNoteVCTransition;
		};
/* End PBXContainerItemProxy section */

/* Begin PBXFileReference section */
		010E30EA3BEC7780F38DC9D0 /* libPods-KeyNoteVCTransition.a */ = {isa = PBXFileReference; explicitFileType = archive.ar; includeInIndex = 0; path = "libPods-KeyNoteVCTransition.a"; sourceTree = BUILT_PRODUCTS_DIR; };
		115E7242789D2395365E7524 /* Pods-KeyNoteVCTransition.debug.xcconfig */ = {isa = PBXFileReference; includeInIndex = 1; lastKnownFileType = text.xcconfig; name = "Pods-KeyNoteVCTransition.debug.xcconfig"; path = "Pods/Target Support Files/Pods-KeyNoteVCTransition/Pods-KeyNoteVCTransition.debug.xcconfig"; sourceTree = "<group>"; };
		264E1A2136EA11D8BB7D007F /* Pods-KeyNoteVCTransition.release.xcconfig */ = {isa = PBXFileReference; includeInIndex = 1; lastKnownFileType = text.xcconfig; name = "Pods-KeyNoteVCTransition.release.xcconfig"; path = "Pods/Target Support Files/Pods-KeyNoteVCTransition/Pods-KeyNoteVCTransition.release.xcconfig"; sourceTree = "<group>"; };
		5827D3F81F7A450A00F0A3F9 /* MagicMoveAnimator.h */ = {isa = PBXFileReference; lastKnownFileType = sourcecode.c.h; path = MagicMoveAnimator.h; sourceTree = "<group>"; };
		5827D3F91F7A450A00F0A3F9 /* MagicMoveAnimator.m */ = {isa = PBXFileReference; lastKnownFileType = sourcecode.c.objc; path = MagicMoveAnimator.m; sourceTree = "<group>"; };
		588DEBA01F7B94CD0094B0FF /* PercentDrivenTransition.m */ = {isa = PBXFileReference; lastKnownFileType = sourcecode.c.objc; path = PercentDrivenTransition.m; sourceTree = "<group>"; };
		588DEBA11F7B94CD0094B0FF /* PercentDrivenTransition.h */ = {isa = PBXFileReference; lastKnownFileType = sourcecode.c.h; path = PercentDrivenTransition.h; sourceTree = "<group>"; };
		58B895181F79FAED009E085A /* KeyNoteVCTransition.app */ = {isa = PBXFileReference; explicitFileType = wrapper.application; includeInIndex = 0; path = KeyNoteVCTransition.app; sourceTree = BUILT_PRODUCTS_DIR; };
		58B8951B1F79FAED009E085A /* AppDelegate.h */ = {isa = PBXFileReference; lastKnownFileType = sourcecode.c.h; path = AppDelegate.h; sourceTree = "<group>"; };
		58B8951C1F79FAED009E085A /* AppDelegate.m */ = {isa = PBXFileReference; lastKnownFileType = sourcecode.c.objc; path = AppDelegate.m; sourceTree = "<group>"; };
		58B895241F79FAED009E085A /* Assets.xcassets */ = {isa = PBXFileReference; lastKnownFileType = folder.assetcatalog; path = Assets.xcassets; sourceTree = "<group>"; };
		58B895271F79FAED009E085A /* Base */ = {isa = PBXFileReference; lastKnownFileType = file.storyboard; name = Base; path = Base.lproj/LaunchScreen.storyboard; sourceTree = "<group>"; };
		58B895291F79FAED009E085A /* Info.plist */ = {isa = PBXFileReference; lastKnownFileType = text.plist.xml; path = Info.plist; sourceTree = "<group>"; };
		58B8952A1F79FAEE009E085A /* main.m */ = {isa = PBXFileReference; lastKnownFileType = sourcecode.c.objc; path = main.m; sourceTree = "<group>"; };
		58B895301F79FAEE009E085A /* KeyNoteVCTransitionTests.xctest */ = {isa = PBXFileReference; explicitFileType = wrapper.cfbundle; includeInIndex = 0; path = KeyNoteVCTransitionTests.xctest; sourceTree = BUILT_PRODUCTS_DIR; };
		58B895341F79FAEE009E085A /* KeyNoteVCTransitionTests.m */ = {isa = PBXFileReference; lastKnownFileType = sourcecode.c.objc; path = KeyNoteVCTransitionTests.m; sourceTree = "<group>"; };
		58B895361F79FAEE009E085A /* Info.plist */ = {isa = PBXFileReference; lastKnownFileType = text.plist.xml; path = Info.plist; sourceTree = "<group>"; };
		58B8953B1F79FAEE009E085A /* KeyNoteVCTransitionUITests.xctest */ = {isa = PBXFileReference; explicitFileType = wrapper.cfbundle; includeInIndex = 0; path = KeyNoteVCTransitionUITests.xctest; sourceTree = BUILT_PRODUCTS_DIR; };
		58B8953F1F79FAEE009E085A /* KeyNoteVCTransitionUITests.m */ = {isa = PBXFileReference; lastKnownFileType = sourcecode.c.objc; path = KeyNoteVCTransitionUITests.m; sourceTree = "<group>"; };
		58B895411F79FAEE009E085A /* Info.plist */ = {isa = PBXFileReference; lastKnownFileType = text.plist.xml; path = Info.plist; sourceTree = "<group>"; };
		58B8954D1F79FB35009E085A /* FistViewController.h */ = {isa = PBXFileReference; lastKnownFileType = sourcecode.c.h; path = FistViewController.h; sourceTree = "<group>"; };
		58B8954E1F79FB35009E085A /* FistViewController.m */ = {isa = PBXFileReference; lastKnownFileType = sourcecode.c.objc; path = FistViewController.m; sourceTree = "<group>"; };
		58B895501F79FB48009E085A /* DetailController.h */ = {isa = PBXFileReference; lastKnownFileType = sourcecode.c.h; path = DetailController.h; sourceTree = "<group>"; };
		58B895511F79FB48009E085A /* DetailController.m */ = {isa = PBXFileReference; lastKnownFileType = sourcecode.c.objc; path = DetailController.m; sourceTree = "<group>"; };
		58B895531F79FEB7009E085A /* FirstCollectionViewCell.h */ = {isa = PBXFileReference; lastKnownFileType = sourcecode.c.h; path = FirstCollectionViewCell.h; sourceTree = "<group>"; };
		58B895541F79FEB7009E085A /* FirstCollectionViewCell.m */ = {isa = PBXFileReference; lastKnownFileType = sourcecode.c.objc; path = FirstCollectionViewCell.m; sourceTree = "<group>"; };
/* End PBXFileReference section */

/* Begin PBXFrameworksBuildPhase section */
		58B895151F79FAED009E085A /* Frameworks */ = {
			isa = PBXFrameworksBuildPhase;
			buildActionMask = 2147483647;
			files = (
				331CD53B0776BC5302A79B2A /* libPods-KeyNoteVCTransition.a in Frameworks */,
			);
			runOnlyForDeploymentPostprocessing = 0;
		};
		58B8952D1F79FAEE009E085A /* Frameworks */ = {
			isa = PBXFrameworksBuildPhase;
			buildActionMask = 2147483647;
			files = (
			);
			runOnlyForDeploymentPostprocessing = 0;
		};
		58B895381F79FAEE009E085A /* Frameworks */ = {
			isa = PBXFrameworksBuildPhase;
			buildActionMask = 2147483647;
			files = (
			);
			runOnlyForDeploymentPostprocessing = 0;
		};
/* End PBXFrameworksBuildPhase section */

/* Begin PBXGroup section */
		5827D3F71F7A39D700F0A3F9 /* Animationor */ = {
			isa = PBXGroup;
			children = (
				5827D3F81F7A450A00F0A3F9 /* MagicMoveAnimator.h */,
				5827D3F91F7A450A00F0A3F9 /* MagicMoveAnimator.m */,
				588DEBA11F7B94CD0094B0FF /* PercentDrivenTransition.h */,
				588DEBA01F7B94CD0094B0FF /* PercentDrivenTransition.m */,
			);
			name = Animationor;
			path = Animationor/Animationor;
			sourceTree = "<group>";
		};
		58B8950F1F79FAED009E085A = {
			isa = PBXGroup;
			children = (
				58B8951A1F79FAED009E085A /* KeyNoteVCTransition */,
				58B895331F79FAEE009E085A /* KeyNoteVCTransitionTests */,
				58B8953E1F79FAEE009E085A /* KeyNoteVCTransitionUITests */,
				58B895191F79FAED009E085A /* Products */,
				D1F2A100FFEFA4E330416E0D /* Pods */,
				8328A896066B4E39B5BE67C6 /* Frameworks */,
			);
			sourceTree = "<group>";
		};
		58B895191F79FAED009E085A /* Products */ = {
			isa = PBXGroup;
			children = (
				58B895181F79FAED009E085A /* KeyNoteVCTransition.app */,
				58B895301F79FAEE009E085A /* KeyNoteVCTransitionTests.xctest */,
				58B8953B1F79FAEE009E085A /* KeyNoteVCTransitionUITests.xctest */,
			);
			name = Products;
			sourceTree = "<group>";
		};
		58B8951A1F79FAED009E085A /* KeyNoteVCTransition */ = {
			isa = PBXGroup;
			children = (
				5827D3F71F7A39D700F0A3F9 /* Animationor */,
				58B8951B1F79FAED009E085A /* AppDelegate.h */,
				58B8951C1F79FAED009E085A /* AppDelegate.m */,
				58B8954D1F79FB35009E085A /* FistViewController.h */,
				58B8954E1F79FB35009E085A /* FistViewController.m */,
				58B895501F79FB48009E085A /* DetailController.h */,
				58B895511F79FB48009E085A /* DetailController.m */,
				58B895531F79FEB7009E085A /* FirstCollectionViewCell.h */,
				58B895541F79FEB7009E085A /* FirstCollectionViewCell.m */,
				58B895241F79FAED009E085A /* Assets.xcassets */,
				58B895261F79FAED009E085A /* LaunchScreen.storyboard */,
				58B895291F79FAED009E085A /* Info.plist */,
				58B8952A1F79FAEE009E085A /* main.m */,
			);
			path = KeyNoteVCTransition;
			sourceTree = "<group>";
		};
		58B895331F79FAEE009E085A /* KeyNoteVCTransitionTests */ = {
			isa = PBXGroup;
			children = (
				58B895341F79FAEE009E085A /* KeyNoteVCTransitionTests.m */,
				58B895361F79FAEE009E085A /* Info.plist */,
			);
			path = KeyNoteVCTransitionTests;
			sourceTree = "<group>";
		};
		58B8953E1F79FAEE009E085A /* KeyNoteVCTransitionUITests */ = {
			isa = PBXGroup;
			children = (
				58B8953F1F79FAEE009E085A /* KeyNoteVCTransitionUITests.m */,
				58B895411F79FAEE009E085A /* Info.plist */,
			);
			path = KeyNoteVCTransitionUITests;
			sourceTree = "<group>";
		};
		8328A896066B4E39B5BE67C6 /* Frameworks */ = {
			isa = PBXGroup;
			children = (
				010E30EA3BEC7780F38DC9D0 /* libPods-KeyNoteVCTransition.a */,
			);
			name = Frameworks;
			sourceTree = "<group>";
		};
		D1F2A100FFEFA4E330416E0D /* Pods */ = {
			isa = PBXGroup;
			children = (
				115E7242789D2395365E7524 /* Pods-KeyNoteVCTransition.debug.xcconfig */,
				264E1A2136EA11D8BB7D007F /* Pods-KeyNoteVCTransition.release.xcconfig */,
			);
			name = Pods;
			sourceTree = "<group>";
		};
/* End PBXGroup section */

/* Begin PBXNativeTarget section */
		58B895171F79FAED009E085A /* KeyNoteVCTransition */ = {
			isa = PBXNativeTarget;
			buildConfigurationList = 58B895441F79FAEE009E085A /* Build configuration list for PBXNativeTarget "KeyNoteVCTransition" */;
			buildPhases = (
				D2D2A426D659419CC834C232 /* [CP] Check Pods Manifest.lock */,
				58B895141F79FAED009E085A /* Sources */,
				58B895151F79FAED009E085A /* Frameworks */,
				58B895161F79FAED009E085A /* Resources */,
				48DE63EC94F0777CE5A1CD22 /* [CP] Embed Pods Frameworks */,
				609B8A4B838CE9C15BE16E83 /* [CP] Copy Pods Resources */,
			);
			buildRules = (
			);
			dependencies = (
			);
			name = KeyNoteVCTransition;
			productName = KeyNoteVCTransition;
			productReference = 58B895181F79FAED009E085A /* KeyNoteVCTransition.app */;
			productType = "com.apple.product-type.application";
		};
		58B8952F1F79FAEE009E085A /* KeyNoteVCTransitionTests */ = {
			isa = PBXNativeTarget;
			buildConfigurationList = 58B895471F79FAEE009E085A /* Build configuration list for PBXNativeTarget "KeyNoteVCTransitionTests" */;
			buildPhases = (
				58B8952C1F79FAEE009E085A /* Sources */,
				58B8952D1F79FAEE009E085A /* Frameworks */,
				58B8952E1F79FAEE009E085A /* Resources */,
			);
			buildRules = (
			);
			dependencies = (
				58B895321F79FAEE009E085A /* PBXTargetDependency */,
			);
			name = KeyNoteVCTransitionTests;
			productName = KeyNoteVCTransitionTests;
			productReference = 58B895301F79FAEE009E085A /* KeyNoteVCTransitionTests.xctest */;
			productType = "com.apple.product-type.bundle.unit-test";
		};
		58B8953A1F79FAEE009E085A /* KeyNoteVCTransitionUITests */ = {
			isa = PBXNativeTarget;
			buildConfigurationList = 58B8954A1F79FAEE009E085A /* Build configuration list for PBXNativeTarget "KeyNoteVCTransitionUITests" */;
			buildPhases = (
				58B895371F79FAEE009E085A /* Sources */,
				58B895381F79FAEE009E085A /* Frameworks */,
				58B895391F79FAEE009E085A /* Resources */,
			);
			buildRules = (
			);
			dependencies = (
				58B8953D1F79FAEE009E085A /* PBXTargetDependency */,
			);
			name = KeyNoteVCTransitionUITests;
			productName = KeyNoteVCTransitionUITests;
			productReference = 58B8953B1F79FAEE009E085A /* KeyNoteVCTransitionUITests.xctest */;
			productType = "com.apple.product-type.bundle.ui-testing";
		};
/* End PBXNativeTarget section */

/* Begin PBXProject section */
		58B895101F79FAED009E085A /* Project object */ = {
			isa = PBXProject;
			attributes = {
				LastUpgradeCheck = 0900;
				ORGANIZATIONNAME = CaoXueLiang.cn;
				TargetAttributes = {
					58B895171F79FAED009E085A = {
						CreatedOnToolsVersion = 9.0;
						ProvisioningStyle = Automatic;
					};
					58B8952F1F79FAEE009E085A = {
						CreatedOnToolsVersion = 9.0;
						ProvisioningStyle = Automatic;
						TestTargetID = 58B895171F79FAED009E085A;
					};
					58B8953A1F79FAEE009E085A = {
						CreatedOnToolsVersion = 9.0;
						ProvisioningStyle = Automatic;
						TestTargetID = 58B895171F79FAED009E085A;
					};
				};
			};
			buildConfigurationList = 58B895131F79FAED009E085A /* Build configuration list for PBXProject "KeyNoteVCTransition" */;
			compatibilityVersion = "Xcode 8.0";
			developmentRegion = en;
			hasScannedForEncodings = 0;
			knownRegions = (
				en,
				Base,
			);
			mainGroup = 58B8950F1F79FAED009E085A;
			productRefGroup = 58B895191F79FAED009E085A /* Products */;
			projectDirPath = "";
			projectRoot = "";
			targets = (
				58B895171F79FAED009E085A /* KeyNoteVCTransition */,
				58B8952F1F79FAEE009E085A /* KeyNoteVCTransitionTests */,
				58B8953A1F79FAEE009E085A /* KeyNoteVCTransitionUITests */,
			);
		};
/* End PBXProject section */

/* Begin PBXResourcesBuildPhase section */
		58B895161F79FAED009E085A /* Resources */ = {
			isa = PBXResourcesBuildPhase;
			buildActionMask = 2147483647;
			files = (
				58B895281F79FAED009E085A /* LaunchScreen.storyboard in Resources */,
				58B895251F79FAED009E085A /* Assets.xcassets in Resources */,
			);
			runOnlyForDeploymentPostprocessing = 0;
		};
		58B8952E1F79FAEE009E085A /* Resources */ = {
			isa = PBXResourcesBuildPhase;
			buildActionMask = 2147483647;
			files = (
			);
			runOnlyForDeploymentPostprocessing = 0;
		};
		58B895391F79FAEE009E085A /* Resources */ = {
			isa = PBXResourcesBuildPhase;
			buildActionMask = 2147483647;
			files = (
			);
			runOnlyForDeploymentPostprocessing = 0;
		};
/* End PBXResourcesBuildPhase section */

/* Begin PBXShellScriptBuildPhase section */
		48DE63EC94F0777CE5A1CD22 /* [CP] Embed Pods Frameworks */ = {
			isa = PBXShellScriptBuildPhase;
			buildActionMask = 2147483647;
			files = (
			);
			inputPaths = (
			);
			name = "[CP] Embed Pods Frameworks";
			outputPaths = (
			);
			runOnlyForDeploymentPostprocessing = 0;
			shellPath = /bin/sh;
			shellScript = "\"${SRCROOT}/Pods/Target Support Files/Pods-KeyNoteVCTransition/Pods-KeyNoteVCTransition-frameworks.sh\"\n";
			showEnvVarsInLog = 0;
		};
		609B8A4B838CE9C15BE16E83 /* [CP] Copy Pods Resources */ = {
			isa = PBXShellScriptBuildPhase;
			buildActionMask = 2147483647;
			files = (
			);
			inputPaths = (
			);
			name = "[CP] Copy Pods Resources";
			outputPaths = (
			);
			runOnlyForDeploymentPostprocessing = 0;
			shellPath = /bin/sh;
			shellScript = "\"${SRCROOT}/Pods/Target Support Files/Pods-KeyNoteVCTransition/Pods-KeyNoteVCTransition-resources.sh\"\n";
			showEnvVarsInLog = 0;
		};
		D2D2A426D659419CC834C232 /* [CP] Check Pods Manifest.lock */ = {
			isa = PBXShellScriptBuildPhase;
			buildActionMask = 2147483647;
			files = (
			);
			inputPaths = (
			);
			name = "[CP] Check Pods Manifest.lock";
			outputPaths = (
			);
			runOnlyForDeploymentPostprocessing = 0;
			shellPath = /bin/sh;
			shellScript = "diff \"${PODS_PODFILE_DIR_PATH}/Podfile.lock\" \"${PODS_ROOT}/Manifest.lock\" > /dev/null\nif [ $? != 0 ] ; then\n    # print error to STDERR\n    echo \"error: The sandbox is not in sync with the Podfile.lock. Run 'pod install' or update your CocoaPods installation.\" >&2\n    exit 1\nfi\n";
			showEnvVarsInLog = 0;
		};
/* End PBXShellScriptBuildPhase section */

/* Begin PBXSourcesBuildPhase section */
		58B895141F79FAED009E085A /* Sources */ = {
			isa = PBXSourcesBuildPhase;
			buildActionMask = 2147483647;
			files = (
				58B895521F79FB48009E085A /* DetailController.m in Sources */,
				58B8952B1F79FAEE009E085A /* main.m in Sources */,
				58B8951D1F79FAED009E085A /* AppDelegate.m in Sources */,
				58B8954F1F79FB35009E085A /* FistViewController.m in Sources */,
				588DEBA21F7B94CD0094B0FF /* PercentDrivenTransition.m in Sources */,
				58B895551F79FEB7009E085A /* FirstCollectionViewCell.m in Sources */,
				5827D3FA1F7A450A00F0A3F9 /* MagicMoveAnimator.m in Sources */,
			);
			runOnlyForDeploymentPostprocessing = 0;
		};
		58B8952C1F79FAEE009E085A /* Sources */ = {
			isa = PBXSourcesBuildPhase;
			buildActionMask = 2147483647;
			files = (
				58B895351F79FAEE009E085A /* KeyNoteVCTransitionTests.m in Sources */,
			);
			runOnlyForDeploymentPostprocessing = 0;
		};
		58B895371F79FAEE009E085A /* Sources */ = {
			isa = PBXSourcesBuildPhase;
			buildActionMask = 2147483647;
			files = (
				58B895401F79FAEE009E085A /* KeyNoteVCTransitionUITests.m in Sources */,
			);
			runOnlyForDeploymentPostprocessing = 0;
		};
/* End PBXSourcesBuildPhase section */

/* Begin PBXTargetDependency section */
		58B895321F79FAEE009E085A /* PBXTargetDependency */ = {
			isa = PBXTargetDependency;
			target = 58B895171F79FAED009E085A /* KeyNoteVCTransition */;
			targetProxy = 58B895311F79FAEE009E085A /* PBXContainerItemProxy */;
		};
		58B8953D1F79FAEE009E085A /* PBXTargetDependency */ = {
			isa = PBXTargetDependency;
			target = 58B895171F79FAED009E085A /* KeyNoteVCTransition */;
			targetProxy = 58B8953C1F79FAEE009E085A /* PBXContainerItemProxy */;
		};
/* End PBXTargetDependency section */

/* Begin PBXVariantGroup section */
		58B895261F79FAED009E085A /* LaunchScreen.storyboard */ = {
			isa = PBXVariantGroup;
			children = (
				58B895271F79FAED009E085A /* Base */,
			);
			name = LaunchScreen.storyboard;
			sourceTree = "<group>";
		};
/* End PBXVariantGroup section */

/* Begin XCBuildConfiguration section */
		58B895421F79FAEE009E085A /* Debug */ = {
			isa = XCBuildConfiguration;
			buildSettings = {
				ALWAYS_SEARCH_USER_PATHS = NO;
				CLANG_ANALYZER_NONNULL = YES;
				CLANG_ANALYZER_NUMBER_OBJECT_CONVERSION = YES_AGGRESSIVE;
				CLANG_CXX_LANGUAGE_STANDARD = "gnu++14";
				CLANG_CXX_LIBRARY = "libc++";
				CLANG_ENABLE_MODULES = YES;
				CLANG_ENABLE_OBJC_ARC = YES;
				CLANG_WARN_BLOCK_CAPTURE_AUTORELEASING = YES;
				CLANG_WARN_BOOL_CONVERSION = YES;
				CLANG_WARN_COMMA = YES;
				CLANG_WARN_CONSTANT_CONVERSION = YES;
				CLANG_WARN_DIRECT_OBJC_ISA_USAGE = YES_ERROR;
				CLANG_WARN_DOCUMENTATION_COMMENTS = YES;
				CLANG_WARN_EMPTY_BODY = YES;
				CLANG_WARN_ENUM_CONVERSION = YES;
				CLANG_WARN_INFINITE_RECURSION = YES;
				CLANG_WARN_INT_CONVERSION = YES;
				CLANG_WARN_NON_LITERAL_NULL_CONVERSION = YES;
				CLANG_WARN_OBJC_LITERAL_CONVERSION = YES;
				CLANG_WARN_OBJC_ROOT_CLASS = YES_ERROR;
				CLANG_WARN_RANGE_LOOP_ANALYSIS = YES;
				CLANG_WARN_STRICT_PROTOTYPES = YES;
				CLANG_WARN_SUSPICIOUS_MOVE = YES;
				CLANG_WARN_UNGUARDED_AVAILABILITY = YES_AGGRESSIVE;
				CLANG_WARN_UNREACHABLE_CODE = YES;
				CLANG_WARN__DUPLICATE_METHOD_MATCH = YES;
				CODE_SIGN_IDENTITY = "iPhone Developer";
				COPY_PHASE_STRIP = NO;
				DEBUG_INFORMATION_FORMAT = dwarf;
				ENABLE_STRICT_OBJC_MSGSEND = YES;
				ENABLE_TESTABILITY = YES;
				GCC_C_LANGUAGE_STANDARD = gnu11;
				GCC_DYNAMIC_NO_PIC = NO;
				GCC_NO_COMMON_BLOCKS = YES;
				GCC_OPTIMIZATION_LEVEL = 0;
				GCC_PREPROCESSOR_DEFINITIONS = (
					"DEBUG=1",
					"$(inherited)",
				);
				GCC_WARN_64_TO_32_BIT_CONVERSION = YES;
				GCC_WARN_ABOUT_RETURN_TYPE = YES_ERROR;
				GCC_WARN_UNDECLARED_SELECTOR = YES;
				GCC_WARN_UNINITIALIZED_AUTOS = YES_AGGRESSIVE;
				GCC_WARN_UNUSED_FUNCTION = YES;
				GCC_WARN_UNUSED_VARIABLE = YES;
				IPHONEOS_DEPLOYMENT_TARGET = 11.0;
				MTL_ENABLE_DEBUG_INFO = YES;
				ONLY_ACTIVE_ARCH = YES;
				SDKROOT = iphoneos;
			};
			name = Debug;
		};
		58B895431F79FAEE009E085A /* Release */ = {
			isa = XCBuildConfiguration;
			buildSettings = {
				ALWAYS_SEARCH_USER_PATHS = NO;
				CLANG_ANALYZER_NONNULL = YES;
				CLANG_ANALYZER_NUMBER_OBJECT_CONVERSION = YES_AGGRESSIVE;
				CLANG_CXX_LANGUAGE_STANDARD = "gnu++14";
				CLANG_CXX_LIBRARY = "libc++";
				CLANG_ENABLE_MODULES = YES;
				CLANG_ENABLE_OBJC_ARC = YES;
				CLANG_WARN_BLOCK_CAPTURE_AUTORELEASING = YES;
				CLANG_WARN_BOOL_CONVERSION = YES;
				CLANG_WARN_COMMA = YES;
				CLANG_WARN_CONSTANT_CONVERSION = YES;
				CLANG_WARN_DIRECT_OBJC_ISA_USAGE = YES_ERROR;
				CLANG_WARN_DOCUMENTATION_COMMENTS = YES;
				CLANG_WARN_EMPTY_BODY = YES;
				CLANG_WARN_ENUM_CONVERSION = YES;
				CLANG_WARN_INFINITE_RECURSION = YES;
				CLANG_WARN_INT_CONVERSION = YES;
				CLANG_WARN_NON_LITERAL_NULL_CONVERSION = YES;
				CLANG_WARN_OBJC_LITERAL_CONVERSION = YES;
				CLANG_WARN_OBJC_ROOT_CLASS = YES_ERROR;
				CLANG_WARN_RANGE_LOOP_ANALYSIS = YES;
				CLANG_WARN_STRICT_PROTOTYPES = YES;
				CLANG_WARN_SUSPICIOUS_MOVE = YES;
				CLANG_WARN_UNGUARDED_AVAILABILITY = YES_AGGRESSIVE;
				CLANG_WARN_UNREACHABLE_CODE = YES;
				CLANG_WARN__DUPLICATE_METHOD_MATCH = YES;
				CODE_SIGN_IDENTITY = "iPhone Developer";
				COPY_PHASE_STRIP = NO;
				DEBUG_INFORMATION_FORMAT = "dwarf-with-dsym";
				ENABLE_NS_ASSERTIONS = NO;
				ENABLE_STRICT_OBJC_MSGSEND = YES;
				GCC_C_LANGUAGE_STANDARD = gnu11;
				GCC_NO_COMMON_BLOCKS = YES;
				GCC_WARN_64_TO_32_BIT_CONVERSION = YES;
				GCC_WARN_ABOUT_RETURN_TYPE = YES_ERROR;
				GCC_WARN_UNDECLARED_SELECTOR = YES;
				GCC_WARN_UNINITIALIZED_AUTOS = YES_AGGRESSIVE;
				GCC_WARN_UNUSED_FUNCTION = YES;
				GCC_WARN_UNUSED_VARIABLE = YES;
				IPHONEOS_DEPLOYMENT_TARGET = 11.0;
				MTL_ENABLE_DEBUG_INFO = NO;
				SDKROOT = iphoneos;
				VALIDATE_PRODUCT = YES;
			};
			name = Release;
		};
		58B895451F79FAEE009E085A /* Debug */ = {
			isa = XCBuildConfiguration;
			baseConfigurationReference = 115E7242789D2395365E7524 /* Pods-KeyNoteVCTransition.debug.xcconfig */;
			buildSettings = {
				ASSETCATALOG_COMPILER_APPICON_NAME = AppIcon;
				CODE_SIGN_STYLE = Automatic;
				DEVELOPMENT_TEAM = 3PXZ8TZBJ4;
				INFOPLIST_FILE = KeyNoteVCTransition/Info.plist;
				IPHONEOS_DEPLOYMENT_TARGET = 10.0;
				LD_RUNPATH_SEARCH_PATHS = "$(inherited) @executable_path/Frameworks";
				PRODUCT_BUNDLE_IDENTIFIER = CaoXueliang.KeyNoteVCTransition;
				PRODUCT_NAME = "$(TARGET_NAME)";
				TARGETED_DEVICE_FAMILY = "1,2";
			};
			name = Debug;
		};
		58B895461F79FAEE009E085A /* Release */ = {
			isa = XCBuildConfiguration;
			baseConfigurationReference = 264E1A2136EA11D8BB7D007F /* Pods-KeyNoteVCTransition.release.xcconfig */;
			buildSettings = {
				ASSETCATALOG_COMPILER_APPICON_NAME = AppIcon;
				CODE_SIGN_STYLE = Automatic;
				DEVELOPMENT_TEAM = 3PXZ8TZBJ4;
				INFOPLIST_FILE = KeyNoteVCTransition/Info.plist;
				IPHONEOS_DEPLOYMENT_TARGET = 10.0;
				LD_RUNPATH_SEARCH_PATHS = "$(inherited) @executable_path/Frameworks";
				PRODUCT_BUNDLE_IDENTIFIER = CaoXueliang.KeyNoteVCTransition;
				PRODUCT_NAME = "$(TARGET_NAME)";
				TARGETED_DEVICE_FAMILY = "1,2";
			};
			name = Release;
		};
		58B895481F79FAEE009E085A /* Debug */ = {
			isa = XCBuildConfiguration;
			buildSettings = {
				BUNDLE_LOADER = "$(TEST_HOST)";
				CODE_SIGN_STYLE = Automatic;
				DEVELOPMENT_TEAM = 49YMBTW8W3;
				INFOPLIST_FILE = KeyNoteVCTransitionTests/Info.plist;
				LD_RUNPATH_SEARCH_PATHS = "$(inherited) @executable_path/Frameworks @loader_path/Frameworks";
				PRODUCT_BUNDLE_IDENTIFIER = CaoXueliang.KeyNoteVCTransitionTests;
				PRODUCT_NAME = "$(TARGET_NAME)";
				TARGETED_DEVICE_FAMILY = "1,2";
				TEST_HOST = "$(BUILT_PRODUCTS_DIR)/KeyNoteVCTransition.app/KeyNoteVCTransition";
			};
			name = Debug;
		};
		58B895491F79FAEE009E085A /* Release */ = {
			isa = XCBuildConfiguration;
			buildSettings = {
				BUNDLE_LOADER = "$(TEST_HOST)";
				CODE_SIGN_STYLE = Automatic;
				DEVELOPMENT_TEAM = 49YMBTW8W3;
				INFOPLIST_FILE = KeyNoteVCTransitionTests/Info.plist;
				LD_RUNPATH_SEARCH_PATHS = "$(inherited) @executable_path/Frameworks @loader_path/Frameworks";
				PRODUCT_BUNDLE_IDENTIFIER = CaoXueliang.KeyNoteVCTransitionTests;
				PRODUCT_NAME = "$(TARGET_NAME)";
				TARGETED_DEVICE_FAMILY = "1,2";
				TEST_HOST = "$(BUILT_PRODUCTS_DIR)/KeyNoteVCTransition.app/KeyNoteVCTransition";
			};
			name = Release;
		};
		58B8954B1F79FAEE009E085A /* Debug */ = {
			isa = XCBuildConfiguration;
			buildSettings = {
				CODE_SIGN_STYLE = Automatic;
				DEVELOPMENT_TEAM = 49YMBTW8W3;
				INFOPLIST_FILE = KeyNoteVCTransitionUITests/Info.plist;
				LD_RUNPATH_SEARCH_PATHS = "$(inherited) @executable_path/Frameworks @loader_path/Frameworks";
				PRODUCT_BUNDLE_IDENTIFIER = CaoXueliang.KeyNoteVCTransitionUITests;
				PRODUCT_NAME = "$(TARGET_NAME)";
				TARGETED_DEVICE_FAMILY = "1,2";
				TEST_TARGET_NAME = KeyNoteVCTransition;
			};
			name = Debug;
		};
		58B8954C1F79FAEE009E085A /* Release */ = {
			isa = XCBuildConfiguration;
			buildSettings = {
				CODE_SIGN_STYLE = Automatic;
				DEVELOPMENT_TEAM = 49YMBTW8W3;
				INFOPLIST_FILE = KeyNoteVCTransitionUITests/Info.plist;
				LD_RUNPATH_SEARCH_PATHS = "$(inherited) @executable_path/Frameworks @loader_path/Frameworks";
				PRODUCT_BUNDLE_IDENTIFIER = CaoXueliang.KeyNoteVCTransitionUITests;
				PRODUCT_NAME = "$(TARGET_NAME)";
				TARGETED_DEVICE_FAMILY = "1,2";
				TEST_TARGET_NAME = KeyNoteVCTransition;
			};
			name = Release;
		};
/* End XCBuildConfiguration section */

/* Begin XCConfigurationList section */
		58B895131F79FAED009E085A /* Build configuration list for PBXProject "KeyNoteVCTransition" */ = {
			isa = XCConfigurationList;
			buildConfigurations = (
				58B895421F79FAEE009E085A /* Debug */,
				58B895431F79FAEE009E085A /* Release */,
			);
			defaultConfigurationIsVisible = 0;
			defaultConfigurationName = Release;
		};
		58B895441F79FAEE009E085A /* Build configuration list for PBXNativeTarget "KeyNoteVCTransition" */ = {
			isa = XCConfigurationList;
			buildConfigurations = (
				58B895451F79FAEE009E085A /* Debug */,
				58B895461F79FAEE009E085A /* Release */,
			);
			defaultConfigurationIsVisible = 0;
			defaultConfigurationName = Release;
		};
		58B895471F79FAEE009E085A /* Build configuration list for PBXNativeTarget "KeyNoteVCTransitionTests" */ = {
			isa = XCConfigurationList;
			buildConfigurations = (
				58B895481F79FAEE009E085A /* Debug */,
				58B895491F79FAEE009E085A /* Release */,
			);
			defaultConfigurationIsVisible = 0;
			defaultConfigurationName = Release;
		};
		58B8954A1F79FAEE009E085A /* Build configuration list for PBXNativeTarget "KeyNoteVCTransitionUITests" */ = {
			isa = XCConfigurationList;
			buildConfigurations = (
				58B8954B1F79FAEE009E085A /* Debug */,
				58B8954C1F79FAEE009E085A /* Release */,
			);
			defaultConfigurationIsVisible = 0;
			defaultConfigurationName = Release;
		};
/* End XCConfigurationList section */
	};
	rootObject = 58B895101F79FAED009E085A /* Project object */;
}
